
Microsoft Visual Studio Solution File, Format Version 12.00
# Visual Studio Version 16
VisualStudioVersion = 16.0.32002.261
MinimumVisualStudioVersion = 10.0.40219.1
Project("{FAE04EC0-301F-11D3-BF4B-00C04F79EFBC}") = "JenkinsApp", "JenkinsApp\JenkinsApp.csproj", "{6B756731-6268-4091-8CD9-A9F3F9D15DBB}"
EndProject
Project("{FAE04EC0-301F-11D3-BF4B-00C04F79EFBC}") = "MyMaths", "MyMaths\MyMaths.csproj", "{B676F3CA-2CD5-4DA6-8F59-28E3CD2D985E}"
EndProject
Project("{FAE04EC0-301F-11D3-BF4B-00C04F79EFBC}") = "Greetings", "Greetings\Greetings.csproj", "{BD82A1B3-B128-4026-B6D9-3694FFE9F5E2}"
EndProject
Project("{FAE04EC0-301F-11D3-BF4B-00C04F79EFBC}") = "Dummy", "Dummy\Dummy.csproj", "{E6822326-F660-4CA7-9539-BF4AC4FFF9F8}"
EndProject
Global
	GlobalSection(SolutionConfigurationPlatforms) = preSolution
		Debug|Any CPU = Debug|Any CPU
		Release|Any CPU = Release|Any CPU
	EndGlobalSection
	GlobalSection(ProjectConfigurationPlatforms) = postSolution
		{6B756731-6268-4091-8CD9-A9F3F9D15DBB}.Debug|Any CPU.ActiveCfg = Debug|Any CPU
		{6B756731-6268-4091-8CD9-A9F3F9D15DBB}.Debug|Any CPU.Build.0 = Debug|Any CPU
		{6B756731-6268-4091-8CD9-A9F3F9D15DBB}.Release|Any CPU.ActiveCfg = Release|Any CPU
		{6B756731-6268-4091-8CD9-A9F3F9D15DBB}.Release|Any CPU.Build.0 = Release|Any CPU
		{B676F3CA-2CD5-4DA6-8F59-28E3CD2D985E}.Debug|Any CPU.ActiveCfg = Debug|Any CPU
		{B676F3CA-2CD5-4DA6-8F59-28E3CD2D985E}.Debug|Any CPU.Build.0 = Debug|Any CPU
		{B676F3CA-2CD5-4DA6-8F59-28E3CD2D985E}.Release|Any CPU.ActiveCfg = Release|Any CPU
		{B676F3CA-2CD5-4DA6-8F59-28E3CD2D985E}.Release|Any CPU.Build.0 = Release|Any CPU
		{BD82A1B3-B128-4026-B6D9-3694FFE9F5E2}.Debug|Any CPU.ActiveCfg = Debug|Any CPU
		{BD82A1B3-B128-4026-B6D9-3694FFE9F5E2}.Debug|Any CPU.Build.0 = Debug|Any CPU
		{BD82A1B3-B128-4026-B6D9-3694FFE9F5E2}.Release|Any CPU.ActiveCfg = Release|Any CPU
		{BD82A1B3-B128-4026-B6D9-3694FFE9F5E2}.Release|Any CPU.Build.0 = Release|Any CPU
		{E6822326-F660-4CA7-9539-BF4AC4FFF9F8}.Debug|Any CPU.ActiveCfg = Debug|Any CPU
		{E6822326-F660-4CA7-9539-BF4AC4FFF9F8}.Debug|Any CPU.Build.0 = Debug|Any CPU
		{E6822326-F660-4CA7-9539-BF4AC4FFF9F8}.Release|Any CPU.ActiveCfg = Release|Any CPU
		{E6822326-F660-4CA7-9539-BF4AC4FFF9F8}.Release|Any CPU.Build.0 = Release|Any CPU
	EndGlobalSection
	GlobalSection(SolutionProperties) = preSolution
		HideSolutionNode = FALSE
	EndGlobalSection
	GlobalSection(ExtensibilityGlobals) = postSolution
		SolutionGuid = {AC57CABC-886F-422F-8CED-88EBF957783D}
	EndGlobalSection
EndGlobal
